
Microsoft Visual Studio Solution File, Format Version 12.00
# Visual Studio Version 16
VisualStudioVersion = 16.0.31005.135
MinimumVisualStudioVersion = 10.0.40219.1
Project("{FAE04EC0-301F-11D3-BF4B-00C04F79EFBC}") = "WebApplication2", "WebApplication2.csproj", "{80F350FD-5907-457B-B0B5-C96EF8B8158A}"
EndProject
Global
	GlobalSection(SolutionConfigurationPlatforms) = preSolution
		Debug|Any CPU = Debug|Any CPU
		Release|Any CPU = Release|Any CPU
	EndGlobalSection
	GlobalSection(ProjectConfigurationPlatforms) = postSolution
		{80F350FD-5907-457B-B0B5-C96EF8B8158A}.Debug|Any CPU.ActiveCfg = Debug|Any CPU
		{80F350FD-5907-457B-B0B5-C96EF8B8158A}.Debug|Any CPU.Build.0 = Debug|Any CPU
		{80F350FD-5907-457B-B0B5-C96EF8B8158A}.Release|Any CPU.ActiveCfg = Release|Any CPU
		{80F350FD-5907-457B-B0B5-C96EF8B8158A}.Release|Any CPU.Build.0 = Release|Any CPU
	EndGlobalSection
	GlobalSection(SolutionProperties) = preSolution
		HideSolutionNode = FALSE
	EndGlobalSection
	GlobalSection(ExtensibilityGlobals) = postSolution
		SolutionGuid = {3A5B2877-00EA-4E42-A3C0-640AD7F01586}
	EndGlobalSection
EndGlobal
